{
  "originHash" : "fe10aafbaf409842f476e8822e8d586ae13fa97ca251345350315549123c6d78",
  "pins" : [
    {
      "identity" : "onesignal-xcframework",
      "kind" : "remoteSourceControl",
      "location" : "https://github.com/OneSignal/OneSignal-XCFramework",
      "state" : {
        "revision" : "71eaf66dc08b6b1a638568c8e0c0cf987ef173ac",
        "version" : "5.2.8"
      }
    }
  ],
  "version" : 3
}
