{
  "originHash" : "1fb64822e2f7450b2119c7985b3071c8d47a65308f40920d3f998f30d224a88f",
  "pins" : [
    {
      "identity" : "onesignal-xcframework",
      "kind" : "remoteSourceControl",
      "location" : "https://github.com/OneSignal/OneSignal-XCFramework",
      "state" : {
        "revision" : "71eaf66dc08b6b1a638568c8e0c0cf987ef173ac",
        "version" : "5.2.8"
      }
    },
    {
      "identity" : "purchases-ios",
      "kind" : "remoteSourceControl",
      "location" : "https://github.com/RevenueCat/purchases-ios",
      "state" : {
        "revision" : "8d258661d1e5be78f39ad4b37b5ed72cf073149d",
        "version" : "5.48.0"
      }
    }
  ],
  "version" : 3
}
